
Microsoft Visual Studio Solution File, Format Version 12.00
# Visual Studio Version 17
VisualStudioVersion = 17.4.33122.133
MinimumVisualStudioVersion = 10.0.40219.1
Project("{8BC9CEB8-8B4A-11D0-8D11-00A0C91BC942}") = "TheMasker_StandalonePlugin", "TheMasker_StandalonePlugin.vcxproj", "{3C259F1A-B391-CF85-55F3-CABBCE24C36B}"
	ProjectSection(ProjectDependencies) = postProject
		{43AC035F-1C1F-5894-8B33-BABE401214BF} = {43AC035F-1C1F-5894-8B33-BABE401214BF}
	EndProjectSection
EndProject
Project("{8BC9CEB8-8B4A-11D0-8D11-00A0C91BC942}") = "TheMasker_VST3", "TheMasker_VST3.vcxproj", "{FB0D890F-A0CA-08C4-1B6E-1AB722B431F9}"
	ProjectSection(ProjectDependencies) = postProject
		{43AC035F-1C1F-5894-8B33-BABE401214BF} = {43AC035F-1C1F-5894-8B33-BABE401214BF}
	EndProjectSection
EndProject
Project("{8BC9CEB8-8B4A-11D0-8D11-00A0C91BC942}") = "TheMasker_SharedCode", "TheMasker_SharedCode.vcxproj", "{43AC035F-1C1F-5894-8B33-BABE401214BF}"
EndProject
Global
	GlobalSection(SolutionConfigurationPlatforms) = preSolution
		Debug|x64 = Debug|x64
		Release|x64 = Release|x64
	EndGlobalSection
	GlobalSection(ProjectConfigurationPlatforms) = postSolution
		{3C259F1A-B391-CF85-55F3-CABBCE24C36B}.Debug|x64.ActiveCfg = Debug|x64
		{3C259F1A-B391-CF85-55F3-CABBCE24C36B}.Debug|x64.Build.0 = Debug|x64
		{3C259F1A-B391-CF85-55F3-CABBCE24C36B}.Release|x64.ActiveCfg = Release|x64
		{3C259F1A-B391-CF85-55F3-CABBCE24C36B}.Release|x64.Build.0 = Release|x64
		{FB0D890F-A0CA-08C4-1B6E-1AB722B431F9}.Debug|x64.ActiveCfg = Debug|x64
		{FB0D890F-A0CA-08C4-1B6E-1AB722B431F9}.Debug|x64.Build.0 = Debug|x64
		{FB0D890F-A0CA-08C4-1B6E-1AB722B431F9}.Release|x64.ActiveCfg = Release|x64
		{FB0D890F-A0CA-08C4-1B6E-1AB722B431F9}.Release|x64.Build.0 = Release|x64
		{43AC035F-1C1F-5894-8B33-BABE401214BF}.Debug|x64.ActiveCfg = Debug|x64
		{43AC035F-1C1F-5894-8B33-BABE401214BF}.Debug|x64.Build.0 = Debug|x64
		{43AC035F-1C1F-5894-8B33-BABE401214BF}.Release|x64.ActiveCfg = Release|x64
		{43AC035F-1C1F-5894-8B33-BABE401214BF}.Release|x64.Build.0 = Release|x64
	EndGlobalSection
	GlobalSection(SolutionProperties) = preSolution
		HideSolutionNode = FALSE
	EndGlobalSection
	GlobalSection(ExtensibilityGlobals) = postSolution
		SolutionGuid = {1B0198FA-0492-4F01-89A5-F02AAFCC0681}
	EndGlobalSection
EndGlobal
